// !$*UTF8*$!
{
	archiveVersion = 1;
	classes = {
	};
	objectVersion = 51;
	objects = {

/* Begin PBXBuildFile section */
		7677181A23F53B4800328667 /* Pods_AiBurningDayTest.framework in Frameworks */ = {isa = PBXBuildFile; fileRef = 7677181923F53B4800328667 /* Pods_AiBurningDayTest.framework */; };
		769149CC23ED53BC00DE3B08 /* AppDelegate.swift in Sources */ = {isa = PBXBuildFile; fileRef = 769149CB23ED53BC00DE3B08 /* AppDelegate.swift */; };
		769149CE23ED53BC00DE3B08 /* SceneDelegate.swift in Sources */ = {isa = PBXBuildFile; fileRef = 769149CD23ED53BC00DE3B08 /* SceneDelegate.swift */; };
		769149D023ED53BC00DE3B08 /* ViewController.swift in Sources */ = {isa = PBXBuildFile; fileRef = 769149CF23ED53BC00DE3B08 /* ViewController.swift */; };
		769149D323ED53BC00DE3B08 /* Main.storyboard in Resources */ = {isa = PBXBuildFile; fileRef = 769149D123ED53BC00DE3B08 /* Main.storyboard */; };
		769149D523ED53BD00DE3B08 /* Assets.xcassets in Resources */ = {isa = PBXBuildFile; fileRef = 769149D423ED53BD00DE3B08 /* Assets.xcassets */; };
		769149D823ED53BD00DE3B08 /* LaunchScreen.storyboard in Resources */ = {isa = PBXBuildFile; fileRef = 769149D623ED53BD00DE3B08 /* LaunchScreen.storyboard */; };
		769149FC23EDA4E600DE3B08 /* NaverSpeech.framework in Frameworks */ = {isa = PBXBuildFile; fileRef = 769149FB23EDA4E600DE3B08 /* NaverSpeech.framework */; };
		769149FD23EDA4E600DE3B08 /* NaverSpeech.framework in Embed Frameworks */ = {isa = PBXBuildFile; fileRef = 769149FB23EDA4E600DE3B08 /* NaverSpeech.framework */; settings = {ATTRIBUTES = (CodeSignOnCopy, RemoveHeadersOnCopy, ); }; };
		76914A5223EE71C700DE3B08 /* Languages.swift in Sources */ = {isa = PBXBuildFile; fileRef = 76914A5123EE71C700DE3B08 /* Languages.swift */; };
		76C60FCB23F57CE900424233 /* strip-frameworks.sh in Resources */ = {isa = PBXBuildFile; fileRef = 76C60FCA23F57CE900424233 /* strip-frameworks.sh */; };
/* End PBXBuildFile section */

/* Begin PBXCopyFilesBuildPhase section */
		769149FE23EDA4E600DE3B08 /* Embed Frameworks */ = {
			isa = PBXCopyFilesBuildPhase;
			buildActionMask = 12;
			dstPath = "";
			dstSubfolderSpec = 10;
			files = (
				769149FD23EDA4E600DE3B08 /* NaverSpeech.framework in Embed Frameworks */,
			);
			name = "Embed Frameworks";
			runOnlyForDeploymentPostprocessing = 0;
		};
/* End PBXCopyFilesBuildPhase section */

/* Begin PBXFileReference section */
		0AC3039BD85DEE88712497E2 /* Pods-AiBurningDayTest.debug.xcconfig */ = {isa = PBXFileReference; includeInIndex = 1; lastKnownFileType = text.xcconfig; name = "Pods-AiBurningDayTest.debug.xcconfig"; path = "Target Support Files/Pods-AiBurningDayTest/Pods-AiBurningDayTest.debug.xcconfig"; sourceTree = "<group>"; };
		5904E80EA328539BEE6D8323 /* Pods-AiBurningDayTest.release.xcconfig */ = {isa = PBXFileReference; includeInIndex = 1; lastKnownFileType = text.xcconfig; name = "Pods-AiBurningDayTest.release.xcconfig"; path = "Target Support Files/Pods-AiBurningDayTest/Pods-AiBurningDayTest.release.xcconfig"; sourceTree = "<group>"; };
		7677181923F53B4800328667 /* Pods_AiBurningDayTest.framework */ = {isa = PBXFileReference; explicitFileType = wrapper.framework; path = Pods_AiBurningDayTest.framework; sourceTree = BUILT_PRODUCTS_DIR; };
		769149C823ED53BC00DE3B08 /* 소리보다.app */ = {isa = PBXFileReference; explicitFileType = wrapper.application; includeInIndex = 0; path = "소리보다.app"; sourceTree = BUILT_PRODUCTS_DIR; };
		769149CB23ED53BC00DE3B08 /* AppDelegate.swift */ = {isa = PBXFileReference; lastKnownFileType = sourcecode.swift; path = AppDelegate.swift; sourceTree = "<group>"; };
		769149CD23ED53BC00DE3B08 /* SceneDelegate.swift */ = {isa = PBXFileReference; lastKnownFileType = sourcecode.swift; path = SceneDelegate.swift; sourceTree = "<group>"; };
		769149CF23ED53BC00DE3B08 /* ViewController.swift */ = {isa = PBXFileReference; lastKnownFileType = sourcecode.swift; path = ViewController.swift; sourceTree = "<group>"; };
		769149D223ED53BC00DE3B08 /* Base */ = {isa = PBXFileReference; lastKnownFileType = file.storyboard; name = Base; path = Base.lproj/Main.storyboard; sourceTree = "<group>"; };
		769149D423ED53BD00DE3B08 /* Assets.xcassets */ = {isa = PBXFileReference; lastKnownFileType = folder.assetcatalog; path = Assets.xcassets; sourceTree = "<group>"; };
		769149D723ED53BD00DE3B08 /* Base */ = {isa = PBXFileReference; lastKnownFileType = file.storyboard; name = Base; path = Base.lproj/LaunchScreen.storyboard; sourceTree = "<group>"; };
		769149F123EDA09900DE3B08 /* Base */ = {isa = PBXFileReference; lastKnownFileType = text.plist.xml; name = Base; path = Base.lproj/Info.plist; sourceTree = "<group>"; };
		769149FB23EDA4E600DE3B08 /* NaverSpeech.framework */ = {isa = PBXFileReference; lastKnownFileType = wrapper.framework; name = NaverSpeech.framework; path = AiBurningDayTest/NaverSpeech.framework; sourceTree = "<group>"; };
		76914A5123EE71C700DE3B08 /* Languages.swift */ = {isa = PBXFileReference; fileEncoding = 4; lastKnownFileType = sourcecode.swift; path = Languages.swift; sourceTree = "<group>"; };
		7691B55023F562F000F4D322 /* AiBurningDayTest.entitlements */ = {isa = PBXFileReference; lastKnownFileType = text.plist.entitlements; path = AiBurningDayTest.entitlements; sourceTree = "<group>"; };
		76C60FCA23F57CE900424233 /* strip-frameworks.sh */ = {isa = PBXFileReference; fileEncoding = 4; lastKnownFileType = text.script.sh; path = "strip-frameworks.sh"; sourceTree = "<group>"; };
/* End PBXFileReference section */

/* Begin PBXFrameworksBuildPhase section */
		769149C523ED53BC00DE3B08 /* Frameworks */ = {
			isa = PBXFrameworksBuildPhase;
			buildActionMask = 2147483647;
			files = (
				769149FC23EDA4E600DE3B08 /* NaverSpeech.framework in Frameworks */,
				7677181A23F53B4800328667 /* Pods_AiBurningDayTest.framework in Frameworks */,
			);
			runOnlyForDeploymentPostprocessing = 0;
		};
/* End PBXFrameworksBuildPhase section */

/* Begin PBXGroup section */
		638411DE99639C88617042F4 /* Pods */ = {
			isa = PBXGroup;
			children = (
				0AC3039BD85DEE88712497E2 /* Pods-AiBurningDayTest.debug.xcconfig */,
				5904E80EA328539BEE6D8323 /* Pods-AiBurningDayTest.release.xcconfig */,
			);
			path = Pods;
			sourceTree = "<group>";
		};
		769149BF23ED53BC00DE3B08 = {
			isa = PBXGroup;
			children = (
				769149CA23ED53BC00DE3B08 /* AiBurningDayTest */,
				769149C923ED53BC00DE3B08 /* Products */,
				769149DF23ED9C7500DE3B08 /* Frameworks */,
				638411DE99639C88617042F4 /* Pods */,
			);
			sourceTree = "<group>";
		};
		769149C923ED53BC00DE3B08 /* Products */ = {
			isa = PBXGroup;
			children = (
				769149C823ED53BC00DE3B08 /* 소리보다.app */,
			);
			name = Products;
			sourceTree = "<group>";
		};
		769149CA23ED53BC00DE3B08 /* AiBurningDayTest */ = {
			isa = PBXGroup;
			children = (
				7691B55023F562F000F4D322 /* AiBurningDayTest.entitlements */,
				76914A5123EE71C700DE3B08 /* Languages.swift */,
				769149CB23ED53BC00DE3B08 /* AppDelegate.swift */,
				769149CD23ED53BC00DE3B08 /* SceneDelegate.swift */,
				769149CF23ED53BC00DE3B08 /* ViewController.swift */,
				769149D123ED53BC00DE3B08 /* Main.storyboard */,
				769149D423ED53BD00DE3B08 /* Assets.xcassets */,
				769149D623ED53BD00DE3B08 /* LaunchScreen.storyboard */,
				76C60FC923F57CE900424233 /* script */,
				769149EA23ED9EF500DE3B08 /* Info.plist */,
			);
			path = AiBurningDayTest;
			sourceTree = "<group>";
		};
		769149DF23ED9C7500DE3B08 /* Frameworks */ = {
			isa = PBXGroup;
			children = (
				7677181923F53B4800328667 /* Pods_AiBurningDayTest.framework */,
				769149FB23EDA4E600DE3B08 /* NaverSpeech.framework */,
			);
			name = Frameworks;
			sourceTree = "<group>";
		};
		76C60FC923F57CE900424233 /* script */ = {
			isa = PBXGroup;
			children = (
				76C60FCA23F57CE900424233 /* strip-frameworks.sh */,
			);
			path = script;
			sourceTree = "<group>";
		};
/* End PBXGroup section */

/* Begin PBXNativeTarget section */
		769149C723ED53BC00DE3B08 /* AiBurningDayTest */ = {
			isa = PBXNativeTarget;
			buildConfigurationList = 769149DC23ED53BD00DE3B08 /* Build configuration list for PBXNativeTarget "AiBurningDayTest" */;
			buildPhases = (
				C04FD1A37FCF016635939540 /* [CP] Check Pods Manifest.lock */,
				769149C423ED53BC00DE3B08 /* Sources */,
				769149C523ED53BC00DE3B08 /* Frameworks */,
				769149C623ED53BC00DE3B08 /* Resources */,
				769149FE23EDA4E600DE3B08 /* Embed Frameworks */,
				45BFFE713BEF761A1E252CCE /* [CP] Embed Pods Frameworks */,
				76C60FC823F57C9A00424233 /* ShellScript */,
			);
			buildRules = (
			);
			dependencies = (
			);
			name = AiBurningDayTest;
			productName = AiBurningDayTest;
			productReference = 769149C823ED53BC00DE3B08 /* 소리보다.app */;
			productType = "com.apple.product-type.application";
		};
/* End PBXNativeTarget section */

/* Begin PBXProject section */
		769149C023ED53BC00DE3B08 /* Project object */ = {
			isa = PBXProject;
			attributes = {
				LastSwiftUpdateCheck = 1130;
				LastUpgradeCheck = 1130;
				ORGANIZATIONNAME = "Minseop Kim";
				TargetAttributes = {
					769149C723ED53BC00DE3B08 = {
						CreatedOnToolsVersion = 11.3.1;
					};
				};
			};
			buildConfigurationList = 769149C323ED53BC00DE3B08 /* Build configuration list for PBXProject "AiBurningDayTest" */;
			compatibilityVersion = "Xcode 9.3";
			developmentRegion = en;
			hasScannedForEncodings = 0;
			knownRegions = (
				en,
				Base,
			);
			mainGroup = 769149BF23ED53BC00DE3B08;
			productRefGroup = 769149C923ED53BC00DE3B08 /* Products */;
			projectDirPath = "";
			projectRoot = "";
			targets = (
				769149C723ED53BC00DE3B08 /* AiBurningDayTest */,
			);
		};
/* End PBXProject section */

/* Begin PBXResourcesBuildPhase section */
		769149C623ED53BC00DE3B08 /* Resources */ = {
			isa = PBXResourcesBuildPhase;
			buildActionMask = 2147483647;
			files = (
				76C60FCB23F57CE900424233 /* strip-frameworks.sh in Resources */,
				769149D823ED53BD00DE3B08 /* LaunchScreen.storyboard in Resources */,
				769149D523ED53BD00DE3B08 /* Assets.xcassets in Resources */,
				769149D323ED53BC00DE3B08 /* Main.storyboard in Resources */,
			);
			runOnlyForDeploymentPostprocessing = 0;
		};
/* End PBXResourcesBuildPhase section */

/* Begin PBXShellScriptBuildPhase section */
		45BFFE713BEF761A1E252CCE /* [CP] Embed Pods Frameworks */ = {
			isa = PBXShellScriptBuildPhase;
			buildActionMask = 2147483647;
			files = (
			);
			inputFileListPaths = (
				"${PODS_ROOT}/Target Support Files/Pods-AiBurningDayTest/Pods-AiBurningDayTest-frameworks-${CONFIGURATION}-input-files.xcfilelist",
			);
			name = "[CP] Embed Pods Frameworks";
			outputFileListPaths = (
				"${PODS_ROOT}/Target Support Files/Pods-AiBurningDayTest/Pods-AiBurningDayTest-frameworks-${CONFIGURATION}-output-files.xcfilelist",
			);
			runOnlyForDeploymentPostprocessing = 0;
			shellPath = /bin/sh;
			shellScript = "\"${PODS_ROOT}/Target Support Files/Pods-AiBurningDayTest/Pods-AiBurningDayTest-frameworks.sh\"\n";
			showEnvVarsInLog = 0;
		};
		76C60FC823F57C9A00424233 /* ShellScript */ = {
			isa = PBXShellScriptBuildPhase;
			buildActionMask = 2147483647;
			files = (
			);
			inputFileListPaths = (
			);
			inputPaths = (
			);
			outputFileListPaths = (
			);
			outputPaths = (
			);
			runOnlyForDeploymentPostprocessing = 0;
			shellPath = /bin/sh;
			shellScript = "# Type a script or drag a script file from your workspace to insert its path.\necho \"${SRCROOT}\"\nchmod 777 ${SRCROOT}/AiBurningDayTest/script/strip-frameworks.sh\n${SRCROOT}/AiBurningDayTest/script/strip-frameworks.sh\n";
		};
		C04FD1A37FCF016635939540 /* [CP] Check Pods Manifest.lock */ = {
			isa = PBXShellScriptBuildPhase;
			buildActionMask = 2147483647;
			files = (
			);
			inputFileListPaths = (
			);
			inputPaths = (
				"${PODS_PODFILE_DIR_PATH}/Podfile.lock",
				"${PODS_ROOT}/Manifest.lock",
			);
			name = "[CP] Check Pods Manifest.lock";
			outputFileListPaths = (
			);
			outputPaths = (
				"$(DERIVED_FILE_DIR)/Pods-AiBurningDayTest-checkManifestLockResult.txt",
			);
			runOnlyForDeploymentPostprocessing = 0;
			shellPath = /bin/sh;
			shellScript = "diff \"${PODS_PODFILE_DIR_PATH}/Podfile.lock\" \"${PODS_ROOT}/Manifest.lock\" > /dev/null\nif [ $? != 0 ] ; then\n    # print error to STDERR\n    echo \"error: The sandbox is not in sync with the Podfile.lock. Run 'pod install' or update your CocoaPods installation.\" >&2\n    exit 1\nfi\n# This output is used by Xcode 'outputs' to avoid re-running this script phase.\necho \"SUCCESS\" > \"${SCRIPT_OUTPUT_FILE_0}\"\n";
			showEnvVarsInLog = 0;
		};
/* End PBXShellScriptBuildPhase section */

/* Begin PBXSourcesBuildPhase section */
		769149C423ED53BC00DE3B08 /* Sources */ = {
			isa = PBXSourcesBuildPhase;
			buildActionMask = 2147483647;
			files = (
				769149D023ED53BC00DE3B08 /* ViewController.swift in Sources */,
				76914A5223EE71C700DE3B08 /* Languages.swift in Sources */,
				769149CC23ED53BC00DE3B08 /* AppDelegate.swift in Sources */,
				769149CE23ED53BC00DE3B08 /* SceneDelegate.swift in Sources */,
			);
			runOnlyForDeploymentPostprocessing = 0;
		};
/* End PBXSourcesBuildPhase section */

/* Begin PBXVariantGroup section */
		769149D123ED53BC00DE3B08 /* Main.storyboard */ = {
			isa = PBXVariantGroup;
			children = (
				769149D223ED53BC00DE3B08 /* Base */,
			);
			name = Main.storyboard;
			sourceTree = "<group>";
		};
		769149D623ED53BD00DE3B08 /* LaunchScreen.storyboard */ = {
			isa = PBXVariantGroup;
			children = (
				769149D723ED53BD00DE3B08 /* Base */,
			);
			name = LaunchScreen.storyboard;
			sourceTree = "<group>";
		};
		769149EA23ED9EF500DE3B08 /* Info.plist */ = {
			isa = PBXVariantGroup;
			children = (
				769149F123EDA09900DE3B08 /* Base */,
			);
			name = Info.plist;
			sourceTree = "<group>";
		};
/* End PBXVariantGroup section */

/* Begin XCBuildConfiguration section */
		769149DA23ED53BD00DE3B08 /* Debug */ = {
			isa = XCBuildConfiguration;
			buildSettings = {
				ALWAYS_SEARCH_USER_PATHS = NO;
				CLANG_ANALYZER_LOCALIZABILITY_NONLOCALIZED = YES;
				CLANG_ANALYZER_NONNULL = YES;
				CLANG_ANALYZER_NUMBER_OBJECT_CONVERSION = YES_AGGRESSIVE;
				CLANG_CXX_LANGUAGE_STANDARD = "gnu++14";
				CLANG_CXX_LIBRARY = "libc++";
				CLANG_ENABLE_MODULES = YES;
				CLANG_ENABLE_OBJC_ARC = YES;
				CLANG_ENABLE_OBJC_WEAK = YES;
				CLANG_WARN_BLOCK_CAPTURE_AUTORELEASING = YES;
				CLANG_WARN_BOOL_CONVERSION = YES;
				CLANG_WARN_COMMA = YES;
				CLANG_WARN_CONSTANT_CONVERSION = YES;
				CLANG_WARN_DEPRECATED_OBJC_IMPLEMENTATIONS = YES;
				CLANG_WARN_DIRECT_OBJC_ISA_USAGE = YES_ERROR;
				CLANG_WARN_DOCUMENTATION_COMMENTS = YES;
				CLANG_WARN_EMPTY_BODY = YES;
				CLANG_WARN_ENUM_CONVERSION = YES;
				CLANG_WARN_INFINITE_RECURSION = YES;
				CLANG_WARN_INT_CONVERSION = YES;
				CLANG_WARN_NON_LITERAL_NULL_CONVERSION = YES;
				CLANG_WARN_OBJC_IMPLICIT_RETAIN_SELF = YES;
				CLANG_WARN_OBJC_LITERAL_CONVERSION = YES;
				CLANG_WARN_OBJC_ROOT_CLASS = YES_ERROR;
				CLANG_WARN_RANGE_LOOP_ANALYSIS = YES;
				CLANG_WARN_STRICT_PROTOTYPES = YES;
				CLANG_WARN_SUSPICIOUS_MOVE = YES;
				CLANG_WARN_UNGUARDED_AVAILABILITY = YES_AGGRESSIVE;
				CLANG_WARN_UNREACHABLE_CODE = YES;
				CLANG_WARN__DUPLICATE_METHOD_MATCH = YES;
				COPY_PHASE_STRIP = NO;
				DEBUG_INFORMATION_FORMAT = dwarf;
				ENABLE_STRICT_OBJC_MSGSEND = YES;
				ENABLE_TESTABILITY = YES;
				GCC_C_LANGUAGE_STANDARD = gnu11;
				GCC_DYNAMIC_NO_PIC = NO;
				GCC_NO_COMMON_BLOCKS = YES;
				GCC_OPTIMIZATION_LEVEL = 0;
				GCC_PREPROCESSOR_DEFINITIONS = (
					"DEBUG=1",
					"$(inherited)",
				);
				GCC_WARN_64_TO_32_BIT_CONVERSION = YES;
				GCC_WARN_ABOUT_RETURN_TYPE = YES_ERROR;
				GCC_WARN_UNDECLARED_SELECTOR = YES;
				GCC_WARN_UNINITIALIZED_AUTOS = YES_AGGRESSIVE;
				GCC_WARN_UNUSED_FUNCTION = YES;
				GCC_WARN_UNUSED_VARIABLE = YES;
				IPHONEOS_DEPLOYMENT_TARGET = 13.2;
				MTL_ENABLE_DEBUG_INFO = INCLUDE_SOURCE;
				MTL_FAST_MATH = YES;
				ONLY_ACTIVE_ARCH = YES;
				SDKROOT = iphoneos;
				SWIFT_ACTIVE_COMPILATION_CONDITIONS = DEBUG;
				SWIFT_OPTIMIZATION_LEVEL = "-Onone";
			};
			name = Debug;
		};
		769149DB23ED53BD00DE3B08 /* Release */ = {
			isa = XCBuildConfiguration;
			buildSettings = {
				ALWAYS_SEARCH_USER_PATHS = NO;
				CLANG_ANALYZER_LOCALIZABILITY_NONLOCALIZED = YES;
				CLANG_ANALYZER_NONNULL = YES;
				CLANG_ANALYZER_NUMBER_OBJECT_CONVERSION = YES_AGGRESSIVE;
				CLANG_CXX_LANGUAGE_STANDARD = "gnu++14";
				CLANG_CXX_LIBRARY = "libc++";
				CLANG_ENABLE_MODULES = YES;
				CLANG_ENABLE_OBJC_ARC = YES;
				CLANG_ENABLE_OBJC_WEAK = YES;
				CLANG_WARN_BLOCK_CAPTURE_AUTORELEASING = YES;
				CLANG_WARN_BOOL_CONVERSION = YES;
				CLANG_WARN_COMMA = YES;
				CLANG_WARN_CONSTANT_CONVERSION = YES;
				CLANG_WARN_DEPRECATED_OBJC_IMPLEMENTATIONS = YES;
				CLANG_WARN_DIRECT_OBJC_ISA_USAGE = YES_ERROR;
				CLANG_WARN_DOCUMENTATION_COMMENTS = YES;
				CLANG_WARN_EMPTY_BODY = YES;
				CLANG_WARN_ENUM_CONVERSION = YES;
				CLANG_WARN_INFINITE_RECURSION = YES;
				CLANG_WARN_INT_CONVERSION = YES;
				CLANG_WARN_NON_LITERAL_NULL_CONVERSION = YES;
				CLANG_WARN_OBJC_IMPLICIT_RETAIN_SELF = YES;
				CLANG_WARN_OBJC_LITERAL_CONVERSION = YES;
				CLANG_WARN_OBJC_ROOT_CLASS = YES_ERROR;
				CLANG_WARN_RANGE_LOOP_ANALYSIS = YES;
				CLANG_WARN_STRICT_PROTOTYPES = YES;
				CLANG_WARN_SUSPICIOUS_MOVE = YES;
				CLANG_WARN_UNGUARDED_AVAILABILITY = YES_AGGRESSIVE;
				CLANG_WARN_UNREACHABLE_CODE = YES;
				CLANG_WARN__DUPLICATE_METHOD_MATCH = YES;
				COPY_PHASE_STRIP = NO;
				DEBUG_INFORMATION_FORMAT = "dwarf-with-dsym";
				ENABLE_NS_ASSERTIONS = NO;
				ENABLE_STRICT_OBJC_MSGSEND = YES;
				GCC_C_LANGUAGE_STANDARD = gnu11;
				GCC_NO_COMMON_BLOCKS = YES;
				GCC_WARN_64_TO_32_BIT_CONVERSION = YES;
				GCC_WARN_ABOUT_RETURN_TYPE = YES_ERROR;
				GCC_WARN_UNDECLARED_SELECTOR = YES;
				GCC_WARN_UNINITIALIZED_AUTOS = YES_AGGRESSIVE;
				GCC_WARN_UNUSED_FUNCTION = YES;
				GCC_WARN_UNUSED_VARIABLE = YES;
				IPHONEOS_DEPLOYMENT_TARGET = 13.2;
				MTL_ENABLE_DEBUG_INFO = NO;
				MTL_FAST_MATH = YES;
				SDKROOT = iphoneos;
				SWIFT_COMPILATION_MODE = wholemodule;
				SWIFT_OPTIMIZATION_LEVEL = "-O";
				VALIDATE_PRODUCT = YES;
			};
			name = Release;
		};
		769149DD23ED53BD00DE3B08 /* Debug */ = {
			isa = XCBuildConfiguration;
			baseConfigurationReference = 0AC3039BD85DEE88712497E2 /* Pods-AiBurningDayTest.debug.xcconfig */;
			buildSettings = {
				ASSETCATALOG_COMPILER_APPICON_NAME = AppIcon;
				CODE_SIGN_ENTITLEMENTS = AiBurningDayTest/AiBurningDayTest.entitlements;
				CODE_SIGN_IDENTITY = "Apple Development";
				CODE_SIGN_STYLE = Automatic;
				DEVELOPMENT_TEAM = 4B3FA9X6ZD;
				ENABLE_BITCODE = NO;
				FRAMEWORK_SEARCH_PATHS = (
					"$(inherited)",
					"$(PROJECT_DIR)/AiBurningDayTest",
				);
				INFOPLIST_FILE = AiBurningDayTest/Info.plist;
				IPHONEOS_DEPLOYMENT_TARGET = 13.0;
				LD_RUNPATH_SEARCH_PATHS = (
					"$(inherited)",
					"@executable_path/Frameworks",
				);
				ONLY_ACTIVE_ARCH = NO;
				PRODUCT_BUNDLE_IDENTIFIER = kpu.ac.kr.AiBurningDayTest;
				PRODUCT_NAME = "소리보다";
				PROVISIONING_PROFILE_SPECIFIER = "";
				SUPPORTS_MACCATALYST = NO;
				SWIFT_VERSION = 5.0;
				TARGETED_DEVICE_FAMILY = "1,2";
			};
			name = Debug;
		};
		769149DE23ED53BD00DE3B08 /* Release */ = {
			isa = XCBuildConfiguration;
			baseConfigurationReference = 5904E80EA328539BEE6D8323 /* Pods-AiBurningDayTest.release.xcconfig */;
			buildSettings = {
				ASSETCATALOG_COMPILER_APPICON_NAME = AppIcon;
				CODE_SIGN_ENTITLEMENTS = AiBurningDayTest/AiBurningDayTest.entitlements;
				CODE_SIGN_IDENTITY = "Apple Development";
				CODE_SIGN_STYLE = Automatic;
				DEVELOPMENT_TEAM = 4B3FA9X6ZD;
				ENABLE_BITCODE = NO;
				FRAMEWORK_SEARCH_PATHS = (
					"$(inherited)",
					"$(PROJECT_DIR)/AiBurningDayTest",
				);
				INFOPLIST_FILE = AiBurningDayTest/Info.plist;
				IPHONEOS_DEPLOYMENT_TARGET = 13.0;
				LD_RUNPATH_SEARCH_PATHS = (
					"$(inherited)",
					"@executable_path/Frameworks",
				);
				ONLY_ACTIVE_ARCH = NO;
				PRODUCT_BUNDLE_IDENTIFIER = kpu.ac.kr.AiBurningDayTest;
				PRODUCT_NAME = "소리보다";
				PROVISIONING_PROFILE_SPECIFIER = "";
				SUPPORTS_MACCATALYST = NO;
				SWIFT_VERSION = 5.0;
				TARGETED_DEVICE_FAMILY = "1,2";
			};
			name = Release;
		};
/* End XCBuildConfiguration section */

/* Begin XCConfigurationList section */
		769149C323ED53BC00DE3B08 /* Build configuration list for PBXProject "AiBurningDayTest" */ = {
			isa = XCConfigurationList;
			buildConfigurations = (
				769149DA23ED53BD00DE3B08 /* Debug */,
				769149DB23ED53BD00DE3B08 /* Release */,
			);
			defaultConfigurationIsVisible = 0;
			defaultConfigurationName = Release;
		};
		769149DC23ED53BD00DE3B08 /* Build configuration list for PBXNativeTarget "AiBurningDayTest" */ = {
			isa = XCConfigurationList;
			buildConfigurations = (
				769149DD23ED53BD00DE3B08 /* Debug */,
				769149DE23ED53BD00DE3B08 /* Release */,
			);
			defaultConfigurationIsVisible = 0;
			defaultConfigurationName = Release;
		};
/* End XCConfigurationList section */
	};
	rootObject = 769149C023ED53BC00DE3B08 /* Project object */;
}
